
Microsoft Visual Studio Solution File, Format Version 12.00
# Visual Studio Version 17
VisualStudioVersion = 17.8.34511.84
MinimumVisualStudioVersion = 10.0.40219.1
Project("{FAE04EC0-301F-11D3-BF4B-00C04F79EFBC}") = "NotifyProject", "NotifyProject\NotifyProject.csproj", "{032E9869-6D90-4EB4-A343-6C00B30B53DE}"
EndProject
Global
	GlobalSection(SolutionConfigurationPlatforms) = preSolution
		Debug|Any CPU = Debug|Any CPU
		Release|Any CPU = Release|Any CPU
	EndGlobalSection
	GlobalSection(ProjectConfigurationPlatforms) = postSolution
		{032E9869-6D90-4EB4-A343-6C00B30B53DE}.Debug|Any CPU.ActiveCfg = Debug|Any CPU
		{032E9869-6D90-4EB4-A343-6C00B30B53DE}.Debug|Any CPU.Build.0 = Debug|Any CPU
		{032E9869-6D90-4EB4-A343-6C00B30B53DE}.Release|Any CPU.ActiveCfg = Release|Any CPU
		{032E9869-6D90-4EB4-A343-6C00B30B53DE}.Release|Any CPU.Build.0 = Release|Any CPU
	EndGlobalSection
	GlobalSection(SolutionProperties) = preSolution
		HideSolutionNode = FALSE
	EndGlobalSection
	GlobalSection(ExtensibilityGlobals) = postSolution
		SolutionGuid = {734B587B-B3CA-4FD9-958C-8E38BCBB61E6}
	EndGlobalSection
EndGlobal
